PODS:
  - DACircularProgress (2.3.1)
  - MWPhotoBrowser (2.1.2):
    - DACircularProgress (~> 2.3)
    - SDWebImage (~> 5.18.7)
  - SDWebImage (5.18.12):
    - SDWebImage/Core (= 5.18.12)
  - SDWebImage/Core (5.18.12)

DEPENDENCIES:
  - MWPhotoBrowser (from `../`)

SPEC REPOS:
  https://github.com/CocoaPods/Specs.git:
    - DACircularProgress
    - SDWebImage

EXTERNAL SOURCES:
  MWPhotoBrowser:
    :path: "../"

SPEC CHECKSUMS:
  DACircularProgress: 4dd437c0fc3da5161cb289e07ac449493d41db71
  MWPhotoBrowser: 4528f823df29587509b492fcedeae39e6675c7ef
  SDWebImage: 2d6d229046fea284d62e36bfb8ebe8287dfc5b10

PODFILE CHECKSUM: 0b682e9cd70a5bf0aa4feb3aa23a44f37643ccce

COCOAPODS: 1.15.2
